
Microsoft Visual Studio Solution File, Format Version 12.00
# Visual Studio Version 17
VisualStudioVersion = 17.10.35122.118
MinimumVisualStudioVersion = 10.0.40219.1
Project("{FAE04EC0-301F-11D3-BF4B-00C04F79EFBC}") = "CRUDwithModalPopup", "CRUDwithModalPopup.csproj", "{1FB098B1-CCC2-4D3B-9789-571E9D664C84}"
EndProject
Global
	GlobalSection(SolutionConfigurationPlatforms) = preSolution
		Debug|Any CPU = Debug|Any CPU
		Release|Any CPU = Release|Any CPU
	EndGlobalSection
	GlobalSection(ProjectConfigurationPlatforms) = postSolution
		{1FB098B1-CCC2-4D3B-9789-571E9D664C84}.Debug|Any CPU.ActiveCfg = Debug|Any CPU
		{1FB098B1-CCC2-4D3B-9789-571E9D664C84}.Debug|Any CPU.Build.0 = Debug|Any CPU
		{1FB098B1-CCC2-4D3B-9789-571E9D664C84}.Release|Any CPU.ActiveCfg = Release|Any CPU
		{1FB098B1-CCC2-4D3B-9789-571E9D664C84}.Release|Any CPU.Build.0 = Release|Any CPU
	EndGlobalSection
	GlobalSection(SolutionProperties) = preSolution
		HideSolutionNode = FALSE
	EndGlobalSection
	GlobalSection(ExtensibilityGlobals) = postSolution
		SolutionGuid = {691E178B-DB20-4C27-B6B3-916EFEE2BAE1}
	EndGlobalSection
EndGlobal
